PODS:
  - Flutter (1.0.0)
  - flutter_idnow (0.0.1):
    - Flutter
    - IDnowSDK (~> 8.4.0)
  - IDnowSDK (8.4.0)
  - integration_test (0.0.1):
    - Flutter

DEPENDENCIES:
  - Flutter (from `Flutter`)
  - flutter_idnow (from `.symlinks/plugins/flutter_idnow/ios`)
  - integration_test (from `.symlinks/plugins/integration_test/ios`)

SPEC REPOS:
  trunk:
    - IDnowSDK

EXTERNAL SOURCES:
  Flutter:
    :path: Flutter
  flutter_idnow:
    :path: ".symlinks/plugins/flutter_idnow/ios"
  integration_test:
    :path: ".symlinks/plugins/integration_test/ios"

SPEC CHECKSUMS:
  Flutter: e0871f40cf51350855a761d2e70bf5af5b9b5de7
  flutter_idnow: 09d6b21a0d819a6365f660cb2918a8427ea21997
  IDnowSDK: 83758d5b5bf1158c0702962cdb349292ba285367
  integration_test: 252f60fa39af5e17c3aa9899d35d908a0721b573

PODFILE CHECKSUM: 819463e6a0290f5a72f145ba7cde16e8b6ef0796

COCOAPODS: 1.15.2
