PODS:
  - Flutter (1.0.0)
  - flutter_idnow (0.0.1):
    - Flutter
    - IDnowSDK (= 9.7.12)
  - IDnowSDK (9.7.12)

DEPENDENCIES:
  - Flutter (from `Flutter`)
  - flutter_idnow (from `.symlinks/plugins/flutter_idnow/ios`)

SPEC REPOS:
  trunk:
    - IDnowSDK

EXTERNAL SOURCES:
  Flutter:
    :path: Flutter
  flutter_idnow:
    :path: ".symlinks/plugins/flutter_idnow/ios"

SPEC CHECKSUMS:
  Flutter: cabc95a1d2626b1b06e7179b784ebcf0c0cde467
  flutter_idnow: bd68c0619e821d1aef72c086344b48e9ea6e125a
  IDnowSDK: 7b8637a0d9c114d17f55b91ef29a193215049eb2

PODFILE CHECKSUM: 1959d098c91d8a792531a723c4a9d7e9f6a01e38

COCOAPODS: 1.16.2
